{
  "requires": true,
  "lockfileVersion": 1,
  "dependencies": {
    "lokijs": {
      "version": "1.5.6",
      "resolved": "https://registry.npmjs.org/lokijs/-/lokijs-1.5.6.tgz",
      "integrity": "sha512-xJoDXy8TASTjmXMKr4F8vvNUCu4dqlwY5gmn0g5BajGt1GM3goDCafNiGAh/sfrWgkfWu1J4OfsxWm8yrWweJA=="
    },
    "organizator": {
      "version": "1.0.8",
      "resolved": "https://registry.npmjs.org/organizator/-/organizator-1.0.8.tgz",
      "integrity": "sha512-z9XqOywLjIQfYgUhSUIhRQ3UEfR0ybMqnuIY4iaY55eUnJlN/rL8It1S6N5Y51Br7Tb180oRr8NIiWlLeUNNOw==",
      "requires": {
        "lokijs": "1.5.6",
        "requirejs": "2.3.6",
        "urijs": "1.19.1"
      }
    },
    "requirejs": {
      "version": "2.3.6",
      "resolved": "https://registry.npmjs.org/requirejs/-/requirejs-2.3.6.tgz",
      "integrity": "sha512-ipEzlWQe6RK3jkzikgCupiTbTvm4S0/CAU5GlgptkN5SO6F3u0UD0K18wy6ErDqiCyP4J4YYe1HuAShvsxePLg=="
    },
    "urijs": {
      "version": "1.19.1",
      "resolved": "https://registry.npmjs.org/urijs/-/urijs-1.19.1.tgz",
      "integrity": "sha512-xVrGVi94ueCJNrBSTjWqjvtgvl3cyOTThp2zaMaFNGp3F542TR6sM3f2o8RqZl+AwteClSVmoCyt0ka4RjQOQg=="
    }
  }
}
